
Microsoft Visual Studio Solution File, Format Version 12.00
Project("{FAE04EC0-301F-11D3-BF4B-00C04F79EFBC}") = "Reforia.DeviceApp", "Reforia.DeviceApp\Reforia.DeviceApp.csproj", "{8622BB61-AC29-4924-B250-377C2342A314}"
EndProject
Project("{FAE04EC0-301F-11D3-BF4B-00C04F79EFBC}") = "Reforia.RpcTestTool", "Reforia.RpcTestTool\Reforia.RpcTestTool.csproj", "{A32B306E-2ACB-435E-BFF3-910F5766E6E1}"
EndProject
Project("{2150E333-8FDC-42A3-9474-1A3956D46DE8}") = "Tools", "Tools", "{E1331047-5C83-481D-A516-A99A2B2F13B5}"
EndProject
Project("{FAE04EC0-301F-11D3-BF4B-00C04F79EFBC}") = "Reforia.Core", "Reforia.Core\Reforia.Core.csproj", "{E5B525CB-E649-43B2-B829-F2CA5C043EF4}"
EndProject
Global
	GlobalSection(SolutionConfigurationPlatforms) = preSolution
		Debug|Any CPU = Debug|Any CPU
		Release|Any CPU = Release|Any CPU
	EndGlobalSection
	GlobalSection(ProjectConfigurationPlatforms) = postSolution
		{8622BB61-AC29-4924-B250-377C2342A314}.Debug|Any CPU.ActiveCfg = Debug|Any CPU
		{8622BB61-AC29-4924-B250-377C2342A314}.Debug|Any CPU.Build.0 = Debug|Any CPU
		{8622BB61-AC29-4924-B250-377C2342A314}.Release|Any CPU.ActiveCfg = Release|Any CPU
		{8622BB61-AC29-4924-B250-377C2342A314}.Release|Any CPU.Build.0 = Release|Any CPU
		{A32B306E-2ACB-435E-BFF3-910F5766E6E1}.Debug|Any CPU.ActiveCfg = Debug|Any CPU
		{A32B306E-2ACB-435E-BFF3-910F5766E6E1}.Debug|Any CPU.Build.0 = Debug|Any CPU
		{A32B306E-2ACB-435E-BFF3-910F5766E6E1}.Release|Any CPU.ActiveCfg = Release|Any CPU
		{A32B306E-2ACB-435E-BFF3-910F5766E6E1}.Release|Any CPU.Build.0 = Release|Any CPU
		{E5B525CB-E649-43B2-B829-F2CA5C043EF4}.Debug|Any CPU.ActiveCfg = Debug|Any CPU
		{E5B525CB-E649-43B2-B829-F2CA5C043EF4}.Debug|Any CPU.Build.0 = Debug|Any CPU
		{E5B525CB-E649-43B2-B829-F2CA5C043EF4}.Release|Any CPU.ActiveCfg = Release|Any CPU
		{E5B525CB-E649-43B2-B829-F2CA5C043EF4}.Release|Any CPU.Build.0 = Release|Any CPU
	EndGlobalSection
	GlobalSection(NestedProjects) = preSolution
		{A32B306E-2ACB-435E-BFF3-910F5766E6E1} = {E1331047-5C83-481D-A516-A99A2B2F13B5}
	EndGlobalSection
EndGlobal
